// !$*UTF8*$!
{
	archiveVersion = 1;
	classes = {
	};
	objectVersion = 46;
	objects = {

/* Begin PBXBuildFile section */
		232D550D18B3110700856D48 /* body_0001.png in Resources */ = {isa = PBXBuildFile; fileRef = 232D54F918B3110600856D48 /* body_0001.png */; };
		232D550E18B3110700856D48 /* body_0002.png in Resources */ = {isa = PBXBuildFile; fileRef = 232D54FA18B3110600856D48 /* body_0002.png */; };
		232D550F18B3110700856D48 /* body_0003.png in Resources */ = {isa = PBXBuildFile; fileRef = 232D54FB18B3110600856D48 /* body_0003.png */; };
		232D551018B3110700856D48 /* body_0004.png in Resources */ = {isa = PBXBuildFile; fileRef = 232D54FC18B3110600856D48 /* body_0004.png */; };
		232D551118B3110700856D48 /* body_0005.png in Resources */ = {isa = PBXBuildFile; fileRef = 232D54FD18B3110600856D48 /* body_0005.png */; };
		232D551218B3110700856D48 /* body_0006.png in Resources */ = {isa = PBXBuildFile; fileRef = 232D54FE18B3110600856D48 /* body_0006.png */; };
		232D551318B3110700856D48 /* body_0007.png in Resources */ = {isa = PBXBuildFile; fileRef = 232D54FF18B3110600856D48 /* body_0007.png */; };
		232D551418B3110700856D48 /* body_0008.png in Resources */ = {isa = PBXBuildFile; fileRef = 232D550018B3110600856D48 /* body_0008.png */; };
		232D551518B3110700856D48 /* body_0009.png in Resources */ = {isa = PBXBuildFile; fileRef = 232D550118B3110600856D48 /* body_0009.png */; };
		232D551618B3110700856D48 /* body_0010.png in Resources */ = {isa = PBXBuildFile; fileRef = 232D550218B3110600856D48 /* body_0010.png */; };
		232D551718B3110700856D48 /* body_0011.png in Resources */ = {isa = PBXBuildFile; fileRef = 232D550318B3110600856D48 /* body_0011.png */; };
		232D551818B3110700856D48 /* body_0012.png in Resources */ = {isa = PBXBuildFile; fileRef = 232D550418B3110600856D48 /* body_0012.png */; };
		232D551918B3110700856D48 /* body_0013.png in Resources */ = {isa = PBXBuildFile; fileRef = 232D550518B3110600856D48 /* body_0013.png */; };
		232D551A18B3110700856D48 /* body_0014.png in Resources */ = {isa = PBXBuildFile; fileRef = 232D550618B3110600856D48 /* body_0014.png */; };
		232D551B18B3110700856D48 /* body_0015.png in Resources */ = {isa = PBXBuildFile; fileRef = 232D550718B3110600856D48 /* body_0015.png */; };
		232D551C18B3110700856D48 /* body_0016.png in Resources */ = {isa = PBXBuildFile; fileRef = 232D550818B3110600856D48 /* body_0016.png */; };
		232D551D18B3110700856D48 /* body_0017.png in Resources */ = {isa = PBXBuildFile; fileRef = 232D550918B3110600856D48 /* body_0017.png */; };
		232D551E18B3110700856D48 /* body_0018.png in Resources */ = {isa = PBXBuildFile; fileRef = 232D550A18B3110600856D48 /* body_0018.png */; };
		232D551F18B3110700856D48 /* body_0019.png in Resources */ = {isa = PBXBuildFile; fileRef = 232D550B18B3110600856D48 /* body_0019.png */; };
		232D552018B3110700856D48 /* body_0020.png in Resources */ = {isa = PBXBuildFile; fileRef = 232D550C18B3110600856D48 /* body_0020.png */; };
		232D555E18B315EA00856D48 /* face_0001.png in Resources */ = {isa = PBXBuildFile; fileRef = 232D552218B315EA00856D48 /* face_0001.png */; };
		232D555F18B315EA00856D48 /* face_0002.png in Resources */ = {isa = PBXBuildFile; fileRef = 232D552318B315EA00856D48 /* face_0002.png */; };
		232D556018B315EA00856D48 /* face_0003.png in Resources */ = {isa = PBXBuildFile; fileRef = 232D552418B315EA00856D48 /* face_0003.png */; };
		232D556118B315EA00856D48 /* face_0004.png in Resources */ = {isa = PBXBuildFile; fileRef = 232D552518B315EA00856D48 /* face_0004.png */; };
		232D556218B315EA00856D48 /* face_0005.png in Resources */ = {isa = PBXBuildFile; fileRef = 232D552618B315EA00856D48 /* face_0005.png */; };
		232D556318B315EA00856D48 /* face_0006.png in Resources */ = {isa = PBXBuildFile; fileRef = 232D552718B315EA00856D48 /* face_0006.png */; };
		232D556418B315EA00856D48 /* face_0007.png in Resources */ = {isa = PBXBuildFile; fileRef = 232D552818B315EA00856D48 /* face_0007.png */; };
		232D556518B315EA00856D48 /* face_0008.png in Resources */ = {isa = PBXBuildFile; fileRef = 232D552918B315EA00856D48 /* face_0008.png */; };
		232D556618B315EA00856D48 /* face_0009.png in Resources */ = {isa = PBXBuildFile; fileRef = 232D552A18B315EA00856D48 /* face_0009.png */; };
		232D556718B315EA00856D48 /* face_0010.png in Resources */ = {isa = PBXBuildFile; fileRef = 232D552B18B315EA00856D48 /* face_0010.png */; };
		232D556818B315EA00856D48 /* face_0011.png in Resources */ = {isa = PBXBuildFile; fileRef = 232D552C18B315EA00856D48 /* face_0011.png */; };
		232D556918B315EA00856D48 /* face_0012.png in Resources */ = {isa = PBXBuildFile; fileRef = 232D552D18B315EA00856D48 /* face_0012.png */; };
		232D556A18B315EA00856D48 /* face_0013.png in Resources */ = {isa = PBXBuildFile; fileRef = 232D552E18B315EA00856D48 /* face_0013.png */; };
		232D556B18B315EA00856D48 /* face_0014.png in Resources */ = {isa = PBXBuildFile; fileRef = 232D552F18B315EA00856D48 /* face_0014.png */; };
		232D556C18B315EA00856D48 /* face_0015.png in Resources */ = {isa = PBXBuildFile; fileRef = 232D553018B315EA00856D48 /* face_0015.png */; };
		232D556D18B315EA00856D48 /* face_0016.png in Resources */ = {isa = PBXBuildFile; fileRef = 232D553118B315EA00856D48 /* face_0016.png */; };
		232D556E18B315EA00856D48 /* face_0017.png in Resources */ = {isa = PBXBuildFile; fileRef = 232D553218B315EA00856D48 /* face_0017.png */; };
		232D556F18B315EA00856D48 /* face_0018.png in Resources */ = {isa = PBXBuildFile; fileRef = 232D553318B315EA00856D48 /* face_0018.png */; };
		232D557018B315EA00856D48 /* face_0019.png in Resources */ = {isa = PBXBuildFile; fileRef = 232D553418B315EA00856D48 /* face_0019.png */; };
		232D557118B315EA00856D48 /* face_0020.png in Resources */ = {isa = PBXBuildFile; fileRef = 232D553518B315EA00856D48 /* face_0020.png */; };
		232D557218B315EA00856D48 /* legs_0001.png in Resources */ = {isa = PBXBuildFile; fileRef = 232D553618B315EA00856D48 /* legs_0001.png */; };
		232D557318B315EA00856D48 /* legs_0002.png in Resources */ = {isa = PBXBuildFile; fileRef = 232D553718B315EA00856D48 /* legs_0002.png */; };
		232D557418B315EA00856D48 /* legs_0003.png in Resources */ = {isa = PBXBuildFile; fileRef = 232D553818B315EA00856D48 /* legs_0003.png */; };
		232D557518B315EA00856D48 /* legs_0004.png in Resources */ = {isa = PBXBuildFile; fileRef = 232D553918B315EA00856D48 /* legs_0004.png */; };
		232D557618B315EA00856D48 /* legs_0005.png in Resources */ = {isa = PBXBuildFile; fileRef = 232D553A18B315EA00856D48 /* legs_0005.png */; };
		232D557718B315EA00856D48 /* legs_0006.png in Resources */ = {isa = PBXBuildFile; fileRef = 232D553B18B315EA00856D48 /* legs_0006.png */; };
		232D557818B315EA00856D48 /* legs_0007.png in Resources */ = {isa = PBXBuildFile; fileRef = 232D553C18B315EA00856D48 /* legs_0007.png */; };
		232D557918B315EA00856D48 /* legs_0008.png in Resources */ = {isa = PBXBuildFile; fileRef = 232D553D18B315EA00856D48 /* legs_0008.png */; };
		232D557A18B315EA00856D48 /* legs_0009.png in Resources */ = {isa = PBXBuildFile; fileRef = 232D553E18B315EA00856D48 /* legs_0009.png */; };
		232D557B18B315EA00856D48 /* legs_0010.png in Resources */ = {isa = PBXBuildFile; fileRef = 232D553F18B315EA00856D48 /* legs_0010.png */; };
		232D557C18B315EA00856D48 /* legs_0011.png in Resources */ = {isa = PBXBuildFile; fileRef = 232D554018B315EA00856D48 /* legs_0011.png */; };
		232D557D18B315EA00856D48 /* legs_0012.png in Resources */ = {isa = PBXBuildFile; fileRef = 232D554118B315EA00856D48 /* legs_0012.png */; };
		232D557E18B315EA00856D48 /* legs_0013.png in Resources */ = {isa = PBXBuildFile; fileRef = 232D554218B315EA00856D48 /* legs_0013.png */; };
		232D557F18B315EA00856D48 /* legs_0014.png in Resources */ = {isa = PBXBuildFile; fileRef = 232D554318B315EA00856D48 /* legs_0014.png */; };
		232D558018B315EA00856D48 /* legs_0015.png in Resources */ = {isa = PBXBuildFile; fileRef = 232D554418B315EA00856D48 /* legs_0015.png */; };
		232D558118B315EA00856D48 /* legs_0016.png in Resources */ = {isa = PBXBuildFile; fileRef = 232D554518B315EA00856D48 /* legs_0016.png */; };
		232D558218B315EA00856D48 /* legs_0017.png in Resources */ = {isa = PBXBuildFile; fileRef = 232D554618B315EA00856D48 /* legs_0017.png */; };
		232D558318B315EA00856D48 /* legs_0018.png in Resources */ = {isa = PBXBuildFile; fileRef = 232D554718B315EA00856D48 /* legs_0018.png */; };
		232D558418B315EA00856D48 /* legs_0019.png in Resources */ = {isa = PBXBuildFile; fileRef = 232D554818B315EA00856D48 /* legs_0019.png */; };
		232D558518B315EA00856D48 /* legs_0020.png in Resources */ = {isa = PBXBuildFile; fileRef = 232D554918B315EA00856D48 /* legs_0020.png */; };
		232D558618B315EA00856D48 /* tail_0001.png in Resources */ = {isa = PBXBuildFile; fileRef = 232D554A18B315EA00856D48 /* tail_0001.png */; };
		232D558718B315EA00856D48 /* tail_0002.png in Resources */ = {isa = PBXBuildFile; fileRef = 232D554B18B315EA00856D48 /* tail_0002.png */; };
		232D558818B315EA00856D48 /* tail_0003.png in Resources */ = {isa = PBXBuildFile; fileRef = 232D554C18B315EA00856D48 /* tail_0003.png */; };
		232D558918B315EA00856D48 /* tail_0004.png in Resources */ = {isa = PBXBuildFile; fileRef = 232D554D18B315EA00856D48 /* tail_0004.png */; };
		232D558A18B315EA00856D48 /* tail_0005.png in Resources */ = {isa = PBXBuildFile; fileRef = 232D554E18B315EA00856D48 /* tail_0005.png */; };
		232D558B18B315EA00856D48 /* tail_0006.png in Resources */ = {isa = PBXBuildFile; fileRef = 232D554F18B315EA00856D48 /* tail_0006.png */; };
		232D558C18B315EA00856D48 /* tail_0007.png in Resources */ = {isa = PBXBuildFile; fileRef = 232D555018B315EA00856D48 /* tail_0007.png */; };
		232D558D18B315EA00856D48 /* tail_0008.png in Resources */ = {isa = PBXBuildFile; fileRef = 232D555118B315EA00856D48 /* tail_0008.png */; };
		232D558E18B315EA00856D48 /* tail_0009.png in Resources */ = {isa = PBXBuildFile; fileRef = 232D555218B315EA00856D48 /* tail_0009.png */; };
		232D558F18B315EA00856D48 /* tail_0010.png in Resources */ = {isa = PBXBuildFile; fileRef = 232D555318B315EA00856D48 /* tail_0010.png */; };
		232D559018B315EA00856D48 /* tail_0011.png in Resources */ = {isa = PBXBuildFile; fileRef = 232D555418B315EA00856D48 /* tail_0011.png */; };
		232D559118B315EA00856D48 /* tail_0012.png in Resources */ = {isa = PBXBuildFile; fileRef = 232D555518B315EA00856D48 /* tail_0012.png */; };
		232D559218B315EA00856D48 /* tail_0013.png in Resources */ = {isa = PBXBuildFile; fileRef = 232D555618B315EA00856D48 /* tail_0013.png */; };
		232D559318B315EA00856D48 /* tail_0014.png in Resources */ = {isa = PBXBuildFile; fileRef = 232D555718B315EA00856D48 /* tail_0014.png */; };
		232D559418B315EA00856D48 /* tail_0015.png in Resources */ = {isa = PBXBuildFile; fileRef = 232D555818B315EA00856D48 /* tail_0015.png */; };
		232D559518B315EA00856D48 /* tail_0016.png in Resources */ = {isa = PBXBuildFile; fileRef = 232D555918B315EA00856D48 /* tail_0016.png */; };
		232D559618B315EA00856D48 /* tail_0017.png in Resources */ = {isa = PBXBuildFile; fileRef = 232D555A18B315EA00856D48 /* tail_0017.png */; };
		232D559718B315EA00856D48 /* tail_0018.png in Resources */ = {isa = PBXBuildFile; fileRef = 232D555B18B315EA00856D48 /* tail_0018.png */; };
		232D559818B315EA00856D48 /* tail_0019.png in Resources */ = {isa = PBXBuildFile; fileRef = 232D555C18B315EA00856D48 /* tail_0019.png */; };
		232D559918B315EA00856D48 /* tail_0020.png in Resources */ = {isa = PBXBuildFile; fileRef = 232D555D18B315EA00856D48 /* tail_0020.png */; };
		233715D718AE947B006E375F /* PTCritterNode.m in Sources */ = {isa = PBXBuildFile; fileRef = 233715D618AE947B006E375F /* PTCritterNode.m */; };
		233715D918AEDD6B006E375F /* body.png in Resources */ = {isa = PBXBuildFile; fileRef = 233715D818AEDD6B006E375F /* body.png */; };
		233715DD18B041FC006E375F /* tail.png in Resources */ = {isa = PBXBuildFile; fileRef = 233715DA18B041FC006E375F /* tail.png */; };
		233715DE18B041FC006E375F /* legs.png in Resources */ = {isa = PBXBuildFile; fileRef = 233715DB18B041FC006E375F /* legs.png */; };
		233715DF18B041FC006E375F /* face.png in Resources */ = {isa = PBXBuildFile; fileRef = 233715DC18B041FC006E375F /* face.png */; };
		233715E218B0687A006E375F /* PTAttractScene.m in Sources */ = {isa = PBXBuildFile; fileRef = 233715E118B0687A006E375F /* PTAttractScene.m */; };
		233715E418B068BD006E375F /* logo_cropped.png in Resources */ = {isa = PBXBuildFile; fileRef = 233715E318B068BD006E375F /* logo_cropped.png */; };
		233715E718B08143006E375F /* PTCritter.m in Sources */ = {isa = PBXBuildFile; fileRef = 233715E618B08143006E375F /* PTCritter.m */; };
		23DE1F5018AA81650072B8EB /* Foundation.framework in Frameworks */ = {isa = PBXBuildFile; fileRef = 23DE1F4F18AA81650072B8EB /* Foundation.framework */; };
		23DE1F5218AA81650072B8EB /* CoreGraphics.framework in Frameworks */ = {isa = PBXBuildFile; fileRef = 23DE1F5118AA81650072B8EB /* CoreGraphics.framework */; };
		23DE1F5418AA81650072B8EB /* UIKit.framework in Frameworks */ = {isa = PBXBuildFile; fileRef = 23DE1F5318AA81650072B8EB /* UIKit.framework */; };
		23DE1F5618AA81650072B8EB /* SpriteKit.framework in Frameworks */ = {isa = PBXBuildFile; fileRef = 23DE1F5518AA81650072B8EB /* SpriteKit.framework */; };
		23DE1F5C18AA81650072B8EB /* InfoPlist.strings in Resources */ = {isa = PBXBuildFile; fileRef = 23DE1F5A18AA81650072B8EB /* InfoPlist.strings */; };
		23DE1F5E18AA81650072B8EB /* main.m in Sources */ = {isa = PBXBuildFile; fileRef = 23DE1F5D18AA81650072B8EB /* main.m */; };
		23DE1F6218AA81650072B8EB /* PTAppDelegate.m in Sources */ = {isa = PBXBuildFile; fileRef = 23DE1F6118AA81650072B8EB /* PTAppDelegate.m */; };
		23DE1F6518AA81650072B8EB /* Main.storyboard in Resources */ = {isa = PBXBuildFile; fileRef = 23DE1F6318AA81650072B8EB /* Main.storyboard */; };
		23DE1F6818AA81650072B8EB /* PTGameViewController.m in Sources */ = {isa = PBXBuildFile; fileRef = 23DE1F6718AA81650072B8EB /* PTGameViewController.m */; };
		23DE1F6B18AA81650072B8EB /* PTCritterScene.m in Sources */ = {isa = PBXBuildFile; fileRef = 23DE1F6A18AA81650072B8EB /* PTCritterScene.m */; };
		23DE1F6D18AA81650072B8EB /* Spaceship.png in Resources */ = {isa = PBXBuildFile; fileRef = 23DE1F6C18AA81650072B8EB /* Spaceship.png */; };
		23DE1F6F18AA81650072B8EB /* Images.xcassets in Resources */ = {isa = PBXBuildFile; fileRef = 23DE1F6E18AA81650072B8EB /* Images.xcassets */; };
		23DE1F7618AA81660072B8EB /* XCTest.framework in Frameworks */ = {isa = PBXBuildFile; fileRef = 23DE1F7518AA81660072B8EB /* XCTest.framework */; };
		23DE1F7718AA81660072B8EB /* Foundation.framework in Frameworks */ = {isa = PBXBuildFile; fileRef = 23DE1F4F18AA81650072B8EB /* Foundation.framework */; };
		23DE1F7818AA81660072B8EB /* UIKit.framework in Frameworks */ = {isa = PBXBuildFile; fileRef = 23DE1F5318AA81650072B8EB /* UIKit.framework */; };
		23DE1F8018AA81660072B8EB /* InfoPlist.strings in Resources */ = {isa = PBXBuildFile; fileRef = 23DE1F7E18AA81660072B8EB /* InfoPlist.strings */; };
		23DE1F8218AA81660072B8EB /* MyLittlePITATests.m in Sources */ = {isa = PBXBuildFile; fileRef = 23DE1F8118AA81660072B8EB /* MyLittlePITATests.m */; };
/* End PBXBuildFile section */

/* Begin PBXContainerItemProxy section */
		23DE1F7918AA81660072B8EB /* PBXContainerItemProxy */ = {
			isa = PBXContainerItemProxy;
			containerPortal = 23DE1F4418AA81650072B8EB /* Project object */;
			proxyType = 1;
			remoteGlobalIDString = 23DE1F4B18AA81650072B8EB;
			remoteInfo = MyLittlePITA;
		};
/* End PBXContainerItemProxy section */

/* Begin PBXFileReference section */
		232D54F918B3110600856D48 /* body_0001.png */ = {isa = PBXFileReference; lastKnownFileType = image.png; path = body_0001.png; sourceTree = "<group>"; };
		232D54FA18B3110600856D48 /* body_0002.png */ = {isa = PBXFileReference; lastKnownFileType = image.png; path = body_0002.png; sourceTree = "<group>"; };
		232D54FB18B3110600856D48 /* body_0003.png */ = {isa = PBXFileReference; lastKnownFileType = image.png; path = body_0003.png; sourceTree = "<group>"; };
		232D54FC18B3110600856D48 /* body_0004.png */ = {isa = PBXFileReference; lastKnownFileType = image.png; path = body_0004.png; sourceTree = "<group>"; };
		232D54FD18B3110600856D48 /* body_0005.png */ = {isa = PBXFileReference; lastKnownFileType = image.png; path = body_0005.png; sourceTree = "<group>"; };
		232D54FE18B3110600856D48 /* body_0006.png */ = {isa = PBXFileReference; lastKnownFileType = image.png; path = body_0006.png; sourceTree = "<group>"; };
		232D54FF18B3110600856D48 /* body_0007.png */ = {isa = PBXFileReference; lastKnownFileType = image.png; path = body_0007.png; sourceTree = "<group>"; };
		232D550018B3110600856D48 /* body_0008.png */ = {isa = PBXFileReference; lastKnownFileType = image.png; path = body_0008.png; sourceTree = "<group>"; };
		232D550118B3110600856D48 /* body_0009.png */ = {isa = PBXFileReference; lastKnownFileType = image.png; path = body_0009.png; sourceTree = "<group>"; };
		232D550218B3110600856D48 /* body_0010.png */ = {isa = PBXFileReference; lastKnownFileType = image.png; path = body_0010.png; sourceTree = "<group>"; };
		232D550318B3110600856D48 /* body_0011.png */ = {isa = PBXFileReference; lastKnownFileType = image.png; path = body_0011.png; sourceTree = "<group>"; };
		232D550418B3110600856D48 /* body_0012.png */ = {isa = PBXFileReference; lastKnownFileType = image.png; path = body_0012.png; sourceTree = "<group>"; };
		232D550518B3110600856D48 /* body_0013.png */ = {isa = PBXFileReference; lastKnownFileType = image.png; path = body_0013.png; sourceTree = "<group>"; };
		232D550618B3110600856D48 /* body_0014.png */ = {isa = PBXFileReference; lastKnownFileType = image.png; path = body_0014.png; sourceTree = "<group>"; };
		232D550718B3110600856D48 /* body_0015.png */ = {isa = PBXFileReference; lastKnownFileType = image.png; path = body_0015.png; sourceTree = "<group>"; };
		232D550818B3110600856D48 /* body_0016.png */ = {isa = PBXFileReference; lastKnownFileType = image.png; path = body_0016.png; sourceTree = "<group>"; };
		232D550918B3110600856D48 /* body_0017.png */ = {isa = PBXFileReference; lastKnownFileType = image.png; path = body_0017.png; sourceTree = "<group>"; };
		232D550A18B3110600856D48 /* body_0018.png */ = {isa = PBXFileReference; lastKnownFileType = image.png; path = body_0018.png; sourceTree = "<group>"; };
		232D550B18B3110600856D48 /* body_0019.png */ = {isa = PBXFileReference; lastKnownFileType = image.png; path = body_0019.png; sourceTree = "<group>"; };
		232D550C18B3110600856D48 /* body_0020.png */ = {isa = PBXFileReference; lastKnownFileType = image.png; path = body_0020.png; sourceTree = "<group>"; };
		232D552218B315EA00856D48 /* face_0001.png */ = {isa = PBXFileReference; lastKnownFileType = image.png; path = face_0001.png; sourceTree = "<group>"; };
		232D552318B315EA00856D48 /* face_0002.png */ = {isa = PBXFileReference; lastKnownFileType = image.png; path = face_0002.png; sourceTree = "<group>"; };
		232D552418B315EA00856D48 /* face_0003.png */ = {isa = PBXFileReference; lastKnownFileType = image.png; path = face_0003.png; sourceTree = "<group>"; };
		232D552518B315EA00856D48 /* face_0004.png */ = {isa = PBXFileReference; lastKnownFileType = image.png; path = face_0004.png; sourceTree = "<group>"; };
		232D552618B315EA00856D48 /* face_0005.png */ = {isa = PBXFileReference; lastKnownFileType = image.png; path = face_0005.png; sourceTree = "<group>"; };
		232D552718B315EA00856D48 /* face_0006.png */ = {isa = PBXFileReference; lastKnownFileType = image.png; path = face_0006.png; sourceTree = "<group>"; };
		232D552818B315EA00856D48 /* face_0007.png */ = {isa = PBXFileReference; lastKnownFileType = image.png; path = face_0007.png; sourceTree = "<group>"; };
		232D552918B315EA00856D48 /* face_0008.png */ = {isa = PBXFileReference; lastKnownFileType = image.png; path = face_0008.png; sourceTree = "<group>"; };
		232D552A18B315EA00856D48 /* face_0009.png */ = {isa = PBXFileReference; lastKnownFileType = image.png; path = face_0009.png; sourceTree = "<group>"; };
		232D552B18B315EA00856D48 /* face_0010.png */ = {isa = PBXFileReference; lastKnownFileType = image.png; path = face_0010.png; sourceTree = "<group>"; };
		232D552C18B315EA00856D48 /* face_0011.png */ = {isa = PBXFileReference; lastKnownFileType = image.png; path = face_0011.png; sourceTree = "<group>"; };
		232D552D18B315EA00856D48 /* face_0012.png */ = {isa = PBXFileReference; lastKnownFileType = image.png; path = face_0012.png; sourceTree = "<group>"; };
		232D552E18B315EA00856D48 /* face_0013.png */ = {isa = PBXFileReference; lastKnownFileType = image.png; path = face_0013.png; sourceTree = "<group>"; };
		232D552F18B315EA00856D48 /* face_0014.png */ = {isa = PBXFileReference; lastKnownFileType = image.png; path = face_0014.png; sourceTree = "<group>"; };
		232D553018B315EA00856D48 /* face_0015.png */ = {isa = PBXFileReference; lastKnownFileType = image.png; path = face_0015.png; sourceTree = "<group>"; };
		232D553118B315EA00856D48 /* face_0016.png */ = {isa = PBXFileReference; lastKnownFileType = image.png; path = face_0016.png; sourceTree = "<group>"; };
		232D553218B315EA00856D48 /* face_0017.png */ = {isa = PBXFileReference; lastKnownFileType = image.png; path = face_0017.png; sourceTree = "<group>"; };
		232D553318B315EA00856D48 /* face_0018.png */ = {isa = PBXFileReference; lastKnownFileType = image.png; path = face_0018.png; sourceTree = "<group>"; };
		232D553418B315EA00856D48 /* face_0019.png */ = {isa = PBXFileReference; lastKnownFileType = image.png; path = face_0019.png; sourceTree = "<group>"; };
		232D553518B315EA00856D48 /* face_0020.png */ = {isa = PBXFileReference; lastKnownFileType = image.png; path = face_0020.png; sourceTree = "<group>"; };
		232D553618B315EA00856D48 /* legs_0001.png */ = {isa = PBXFileReference; lastKnownFileType = image.png; path = legs_0001.png; sourceTree = "<group>"; };
		232D553718B315EA00856D48 /* legs_0002.png */ = {isa = PBXFileReference; lastKnownFileType = image.png; path = legs_0002.png; sourceTree = "<group>"; };
		232D553818B315EA00856D48 /* legs_0003.png */ = {isa = PBXFileReference; lastKnownFileType = image.png; path = legs_0003.png; sourceTree = "<group>"; };
		232D553918B315EA00856D48 /* legs_0004.png */ = {isa = PBXFileReference; lastKnownFileType = image.png; path = legs_0004.png; sourceTree = "<group>"; };
		232D553A18B315EA00856D48 /* legs_0005.png */ = {isa = PBXFileReference; lastKnownFileType = image.png; path = legs_0005.png; sourceTree = "<group>"; };
		232D553B18B315EA00856D48 /* legs_0006.png */ = {isa = PBXFileReference; lastKnownFileType = image.png; path = legs_0006.png; sourceTree = "<group>"; };
		232D553C18B315EA00856D48 /* legs_0007.png */ = {isa = PBXFileReference; lastKnownFileType = image.png; path = legs_0007.png; sourceTree = "<group>"; };
		232D553D18B315EA00856D48 /* legs_0008.png */ = {isa = PBXFileReference; lastKnownFileType = image.png; path = legs_0008.png; sourceTree = "<group>"; };
		232D553E18B315EA00856D48 /* legs_0009.png */ = {isa = PBXFileReference; lastKnownFileType = image.png; path = legs_0009.png; sourceTree = "<group>"; };
		232D553F18B315EA00856D48 /* legs_0010.png */ = {isa = PBXFileReference; lastKnownFileType = image.png; path = legs_0010.png; sourceTree = "<group>"; };
		232D554018B315EA00856D48 /* legs_0011.png */ = {isa = PBXFileReference; lastKnownFileType = image.png; path = legs_0011.png; sourceTree = "<group>"; };
		232D554118B315EA00856D48 /* legs_0012.png */ = {isa = PBXFileReference; lastKnownFileType = image.png; path = legs_0012.png; sourceTree = "<group>"; };
		232D554218B315EA00856D48 /* legs_0013.png */ = {isa = PBXFileReference; lastKnownFileType = image.png; path = legs_0013.png; sourceTree = "<group>"; };
		232D554318B315EA00856D48 /* legs_0014.png */ = {isa = PBXFileReference; lastKnownFileType = image.png; path = legs_0014.png; sourceTree = "<group>"; };
		232D554418B315EA00856D48 /* legs_0015.png */ = {isa = PBXFileReference; lastKnownFileType = image.png; path = legs_0015.png; sourceTree = "<group>"; };
		232D554518B315EA00856D48 /* legs_0016.png */ = {isa = PBXFileReference; lastKnownFileType = image.png; path = legs_0016.png; sourceTree = "<group>"; };
		232D554618B315EA00856D48 /* legs_0017.png */ = {isa = PBXFileReference; lastKnownFileType = image.png; path = legs_0017.png; sourceTree = "<group>"; };
		232D554718B315EA00856D48 /* legs_0018.png */ = {isa = PBXFileReference; lastKnownFileType = image.png; path = legs_0018.png; sourceTree = "<group>"; };
		232D554818B315EA00856D48 /* legs_0019.png */ = {isa = PBXFileReference; lastKnownFileType = image.png; path = legs_0019.png; sourceTree = "<group>"; };
		232D554918B315EA00856D48 /* legs_0020.png */ = {isa = PBXFileReference; lastKnownFileType = image.png; path = legs_0020.png; sourceTree = "<group>"; };
		232D554A18B315EA00856D48 /* tail_0001.png */ = {isa = PBXFileReference; lastKnownFileType = image.png; path = tail_0001.png; sourceTree = "<group>"; };
		232D554B18B315EA00856D48 /* tail_0002.png */ = {isa = PBXFileReference; lastKnownFileType = image.png; path = tail_0002.png; sourceTree = "<group>"; };
		232D554C18B315EA00856D48 /* tail_0003.png */ = {isa = PBXFileReference; lastKnownFileType = image.png; path = tail_0003.png; sourceTree = "<group>"; };
		232D554D18B315EA00856D48 /* tail_0004.png */ = {isa = PBXFileReference; lastKnownFileType = image.png; path = tail_0004.png; sourceTree = "<group>"; };
		232D554E18B315EA00856D48 /* tail_0005.png */ = {isa = PBXFileReference; lastKnownFileType = image.png; path = tail_0005.png; sourceTree = "<group>"; };
		232D554F18B315EA00856D48 /* tail_0006.png */ = {isa = PBXFileReference; lastKnownFileType = image.png; path = tail_0006.png; sourceTree = "<group>"; };
		232D555018B315EA00856D48 /* tail_0007.png */ = {isa = PBXFileReference; lastKnownFileType = image.png; path = tail_0007.png; sourceTree = "<group>"; };
		232D555118B315EA00856D48 /* tail_0008.png */ = {isa = PBXFileReference; lastKnownFileType = image.png; path = tail_0008.png; sourceTree = "<group>"; };
		232D555218B315EA00856D48 /* tail_0009.png */ = {isa = PBXFileReference; lastKnownFileType = image.png; path = tail_0009.png; sourceTree = "<group>"; };
		232D555318B315EA00856D48 /* tail_0010.png */ = {isa = PBXFileReference; lastKnownFileType = image.png; path = tail_0010.png; sourceTree = "<group>"; };
		232D555418B315EA00856D48 /* tail_0011.png */ = {isa = PBXFileReference; lastKnownFileType = image.png; path = tail_0011.png; sourceTree = "<group>"; };
		232D555518B315EA00856D48 /* tail_0012.png */ = {isa = PBXFileReference; lastKnownFileType = image.png; path = tail_0012.png; sourceTree = "<group>"; };
		232D555618B315EA00856D48 /* tail_0013.png */ = {isa = PBXFileReference; lastKnownFileType = image.png; path = tail_0013.png; sourceTree = "<group>"; };
		232D555718B315EA00856D48 /* tail_0014.png */ = {isa = PBXFileReference; lastKnownFileType = image.png; path = tail_0014.png; sourceTree = "<group>"; };
		232D555818B315EA00856D48 /* tail_0015.png */ = {isa = PBXFileReference; lastKnownFileType = image.png; path = tail_0015.png; sourceTree = "<group>"; };
		232D555918B315EA00856D48 /* tail_0016.png */ = {isa = PBXFileReference; lastKnownFileType = image.png; path = tail_0016.png; sourceTree = "<group>"; };
		232D555A18B315EA00856D48 /* tail_0017.png */ = {isa = PBXFileReference; lastKnownFileType = image.png; path = tail_0017.png; sourceTree = "<group>"; };
		232D555B18B315EA00856D48 /* tail_0018.png */ = {isa = PBXFileReference; lastKnownFileType = image.png; path = tail_0018.png; sourceTree = "<group>"; };
		232D555C18B315EA00856D48 /* tail_0019.png */ = {isa = PBXFileReference; lastKnownFileType = image.png; path = tail_0019.png; sourceTree = "<group>"; };
		232D555D18B315EA00856D48 /* tail_0020.png */ = {isa = PBXFileReference; lastKnownFileType = image.png; path = tail_0020.png; sourceTree = "<group>"; };
		233715D518AE947B006E375F /* PTCritterNode.h */ = {isa = PBXFileReference; fileEncoding = 4; lastKnownFileType = sourcecode.c.h; path = PTCritterNode.h; sourceTree = "<group>"; };
		233715D618AE947B006E375F /* PTCritterNode.m */ = {isa = PBXFileReference; fileEncoding = 4; lastKnownFileType = sourcecode.c.objc; path = PTCritterNode.m; sourceTree = "<group>"; };
		233715D818AEDD6B006E375F /* body.png */ = {isa = PBXFileReference; lastKnownFileType = image.png; path = body.png; sourceTree = "<group>"; };
		233715DA18B041FC006E375F /* tail.png */ = {isa = PBXFileReference; lastKnownFileType = image.png; path = tail.png; sourceTree = "<group>"; };
		233715DB18B041FC006E375F /* legs.png */ = {isa = PBXFileReference; lastKnownFileType = image.png; path = legs.png; sourceTree = "<group>"; };
		233715DC18B041FC006E375F /* face.png */ = {isa = PBXFileReference; lastKnownFileType = image.png; path = face.png; sourceTree = "<group>"; };
		233715E018B0687A006E375F /* PTAttractScene.h */ = {isa = PBXFileReference; fileEncoding = 4; lastKnownFileType = sourcecode.c.h; path = PTAttractScene.h; sourceTree = "<group>"; };
		233715E118B0687A006E375F /* PTAttractScene.m */ = {isa = PBXFileReference; fileEncoding = 4; lastKnownFileType = sourcecode.c.objc; path = PTAttractScene.m; sourceTree = "<group>"; };
		233715E318B068BD006E375F /* logo_cropped.png */ = {isa = PBXFileReference; lastKnownFileType = image.png; path = logo_cropped.png; sourceTree = "<group>"; };
		233715E518B08143006E375F /* PTCritter.h */ = {isa = PBXFileReference; fileEncoding = 4; lastKnownFileType = sourcecode.c.h; path = PTCritter.h; sourceTree = "<group>"; };
		233715E618B08143006E375F /* PTCritter.m */ = {isa = PBXFileReference; fileEncoding = 4; lastKnownFileType = sourcecode.c.objc; path = PTCritter.m; sourceTree = "<group>"; };
		23DE1F4C18AA81650072B8EB /* MyLittlePITA.app */ = {isa = PBXFileReference; explicitFileType = wrapper.application; includeInIndex = 0; path = MyLittlePITA.app; sourceTree = BUILT_PRODUCTS_DIR; };
		23DE1F4F18AA81650072B8EB /* Foundation.framework */ = {isa = PBXFileReference; lastKnownFileType = wrapper.framework; name = Foundation.framework; path = System/Library/Frameworks/Foundation.framework; sourceTree = SDKROOT; };
		23DE1F5118AA81650072B8EB /* CoreGraphics.framework */ = {isa = PBXFileReference; lastKnownFileType = wrapper.framework; name = CoreGraphics.framework; path = System/Library/Frameworks/CoreGraphics.framework; sourceTree = SDKROOT; };
		23DE1F5318AA81650072B8EB /* UIKit.framework */ = {isa = PBXFileReference; lastKnownFileType = wrapper.framework; name = UIKit.framework; path = System/Library/Frameworks/UIKit.framework; sourceTree = SDKROOT; };
		23DE1F5518AA81650072B8EB /* SpriteKit.framework */ = {isa = PBXFileReference; lastKnownFileType = wrapper.framework; name = SpriteKit.framework; path = System/Library/Frameworks/SpriteKit.framework; sourceTree = SDKROOT; };
		23DE1F5918AA81650072B8EB /* MyLittlePITA-Info.plist */ = {isa = PBXFileReference; lastKnownFileType = text.plist.xml; path = "MyLittlePITA-Info.plist"; sourceTree = "<group>"; };
		23DE1F5B18AA81650072B8EB /* en */ = {isa = PBXFileReference; lastKnownFileType = text.plist.strings; name = en; path = en.lproj/InfoPlist.strings; sourceTree = "<group>"; };
		23DE1F5D18AA81650072B8EB /* main.m */ = {isa = PBXFileReference; lastKnownFileType = sourcecode.c.objc; path = main.m; sourceTree = "<group>"; };
		23DE1F5F18AA81650072B8EB /* MyLittlePITA-Prefix.pch */ = {isa = PBXFileReference; lastKnownFileType = sourcecode.c.h; path = "MyLittlePITA-Prefix.pch"; sourceTree = "<group>"; };
		23DE1F6018AA81650072B8EB /* PTAppDelegate.h */ = {isa = PBXFileReference; lastKnownFileType = sourcecode.c.h; path = PTAppDelegate.h; sourceTree = "<group>"; };
		23DE1F6118AA81650072B8EB /* PTAppDelegate.m */ = {isa = PBXFileReference; lastKnownFileType = sourcecode.c.objc; path = PTAppDelegate.m; sourceTree = "<group>"; };
		23DE1F6418AA81650072B8EB /* Base */ = {isa = PBXFileReference; lastKnownFileType = file.storyboard; name = Base; path = Base.lproj/Main.storyboard; sourceTree = "<group>"; };
		23DE1F6618AA81650072B8EB /* PTGameViewController.h */ = {isa = PBXFileReference; lastKnownFileType = sourcecode.c.h; path = PTGameViewController.h; sourceTree = "<group>"; };
		23DE1F6718AA81650072B8EB /* PTGameViewController.m */ = {isa = PBXFileReference; lastKnownFileType = sourcecode.c.objc; path = PTGameViewController.m; sourceTree = "<group>"; };
		23DE1F6918AA81650072B8EB /* PTCritterScene.h */ = {isa = PBXFileReference; lastKnownFileType = sourcecode.c.h; path = PTCritterScene.h; sourceTree = "<group>"; };
		23DE1F6A18AA81650072B8EB /* PTCritterScene.m */ = {isa = PBXFileReference; lastKnownFileType = sourcecode.c.objc; path = PTCritterScene.m; sourceTree = "<group>"; };
		23DE1F6C18AA81650072B8EB /* Spaceship.png */ = {isa = PBXFileReference; lastKnownFileType = image.png; path = Spaceship.png; sourceTree = "<group>"; };
		23DE1F6E18AA81650072B8EB /* Images.xcassets */ = {isa = PBXFileReference; lastKnownFileType = folder.assetcatalog; path = Images.xcassets; sourceTree = "<group>"; };
		23DE1F7418AA81660072B8EB /* MyLittlePITATests.xctest */ = {isa = PBXFileReference; explicitFileType = wrapper.cfbundle; includeInIndex = 0; path = MyLittlePITATests.xctest; sourceTree = BUILT_PRODUCTS_DIR; };
		23DE1F7518AA81660072B8EB /* XCTest.framework */ = {isa = PBXFileReference; lastKnownFileType = wrapper.framework; name = XCTest.framework; path = Library/Frameworks/XCTest.framework; sourceTree = DEVELOPER_DIR; };
		23DE1F7D18AA81660072B8EB /* MyLittlePITATests-Info.plist */ = {isa = PBXFileReference; lastKnownFileType = text.plist.xml; path = "MyLittlePITATests-Info.plist"; sourceTree = "<group>"; };
		23DE1F7F18AA81660072B8EB /* en */ = {isa = PBXFileReference; lastKnownFileType = text.plist.strings; name = en; path = en.lproj/InfoPlist.strings; sourceTree = "<group>"; };
		23DE1F8118AA81660072B8EB /* MyLittlePITATests.m */ = {isa = PBXFileReference; lastKnownFileType = sourcecode.c.objc; path = MyLittlePITATests.m; sourceTree = "<group>"; };
/* End PBXFileReference section */

/* Begin PBXFrameworksBuildPhase section */
		23DE1F4918AA81650072B8EB /* Frameworks */ = {
			isa = PBXFrameworksBuildPhase;
			buildActionMask = 2147483647;
			files = (
				23DE1F5218AA81650072B8EB /* CoreGraphics.framework in Frameworks */,
				23DE1F5418AA81650072B8EB /* UIKit.framework in Frameworks */,
				23DE1F5618AA81650072B8EB /* SpriteKit.framework in Frameworks */,
				23DE1F5018AA81650072B8EB /* Foundation.framework in Frameworks */,
			);
			runOnlyForDeploymentPostprocessing = 0;
		};
		23DE1F7118AA81660072B8EB /* Frameworks */ = {
			isa = PBXFrameworksBuildPhase;
			buildActionMask = 2147483647;
			files = (
				23DE1F7618AA81660072B8EB /* XCTest.framework in Frameworks */,
				23DE1F7818AA81660072B8EB /* UIKit.framework in Frameworks */,
				23DE1F7718AA81660072B8EB /* Foundation.framework in Frameworks */,
			);
			runOnlyForDeploymentPostprocessing = 0;
		};
/* End PBXFrameworksBuildPhase section */

/* Begin PBXGroup section */
		232D552118B3132800856D48 /* sprites_normal */ = {
			isa = PBXGroup;
			children = (
				232D552218B315EA00856D48 /* face_0001.png */,
				232D552318B315EA00856D48 /* face_0002.png */,
				232D552418B315EA00856D48 /* face_0003.png */,
				232D552518B315EA00856D48 /* face_0004.png */,
				232D552618B315EA00856D48 /* face_0005.png */,
				232D552718B315EA00856D48 /* face_0006.png */,
				232D552818B315EA00856D48 /* face_0007.png */,
				232D552918B315EA00856D48 /* face_0008.png */,
				232D552A18B315EA00856D48 /* face_0009.png */,
				232D552B18B315EA00856D48 /* face_0010.png */,
				232D552C18B315EA00856D48 /* face_0011.png */,
				232D552D18B315EA00856D48 /* face_0012.png */,
				232D552E18B315EA00856D48 /* face_0013.png */,
				232D552F18B315EA00856D48 /* face_0014.png */,
				232D553018B315EA00856D48 /* face_0015.png */,
				232D553118B315EA00856D48 /* face_0016.png */,
				232D553218B315EA00856D48 /* face_0017.png */,
				232D553318B315EA00856D48 /* face_0018.png */,
				232D553418B315EA00856D48 /* face_0019.png */,
				232D553518B315EA00856D48 /* face_0020.png */,
				232D553618B315EA00856D48 /* legs_0001.png */,
				232D553718B315EA00856D48 /* legs_0002.png */,
				232D553818B315EA00856D48 /* legs_0003.png */,
				232D553918B315EA00856D48 /* legs_0004.png */,
				232D553A18B315EA00856D48 /* legs_0005.png */,
				232D553B18B315EA00856D48 /* legs_0006.png */,
				232D553C18B315EA00856D48 /* legs_0007.png */,
				232D553D18B315EA00856D48 /* legs_0008.png */,
				232D553E18B315EA00856D48 /* legs_0009.png */,
				232D553F18B315EA00856D48 /* legs_0010.png */,
				232D554018B315EA00856D48 /* legs_0011.png */,
				232D554118B315EA00856D48 /* legs_0012.png */,
				232D554218B315EA00856D48 /* legs_0013.png */,
				232D554318B315EA00856D48 /* legs_0014.png */,
				232D554418B315EA00856D48 /* legs_0015.png */,
				232D554518B315EA00856D48 /* legs_0016.png */,
				232D554618B315EA00856D48 /* legs_0017.png */,
				232D554718B315EA00856D48 /* legs_0018.png */,
				232D554818B315EA00856D48 /* legs_0019.png */,
				232D554918B315EA00856D48 /* legs_0020.png */,
				232D554A18B315EA00856D48 /* tail_0001.png */,
				232D554B18B315EA00856D48 /* tail_0002.png */,
				232D554C18B315EA00856D48 /* tail_0003.png */,
				232D554D18B315EA00856D48 /* tail_0004.png */,
				232D554E18B315EA00856D48 /* tail_0005.png */,
				232D554F18B315EA00856D48 /* tail_0006.png */,
				232D555018B315EA00856D48 /* tail_0007.png */,
				232D555118B315EA00856D48 /* tail_0008.png */,
				232D555218B315EA00856D48 /* tail_0009.png */,
				232D555318B315EA00856D48 /* tail_0010.png */,
				232D555418B315EA00856D48 /* tail_0011.png */,
				232D555518B315EA00856D48 /* tail_0012.png */,
				232D555618B315EA00856D48 /* tail_0013.png */,
				232D555718B315EA00856D48 /* tail_0014.png */,
				232D555818B315EA00856D48 /* tail_0015.png */,
				232D555918B315EA00856D48 /* tail_0016.png */,
				232D555A18B315EA00856D48 /* tail_0017.png */,
				232D555B18B315EA00856D48 /* tail_0018.png */,
				232D555C18B315EA00856D48 /* tail_0019.png */,
				232D555D18B315EA00856D48 /* tail_0020.png */,
				232D54F918B3110600856D48 /* body_0001.png */,
				232D54FA18B3110600856D48 /* body_0002.png */,
				232D54FB18B3110600856D48 /* body_0003.png */,
				232D54FC18B3110600856D48 /* body_0004.png */,
				232D54FD18B3110600856D48 /* body_0005.png */,
				232D54FE18B3110600856D48 /* body_0006.png */,
				232D54FF18B3110600856D48 /* body_0007.png */,
				232D550018B3110600856D48 /* body_0008.png */,
				232D550118B3110600856D48 /* body_0009.png */,
				232D550218B3110600856D48 /* body_0010.png */,
				232D550318B3110600856D48 /* body_0011.png */,
				232D550418B3110600856D48 /* body_0012.png */,
				232D550518B3110600856D48 /* body_0013.png */,
				232D550618B3110600856D48 /* body_0014.png */,
				232D550718B3110600856D48 /* body_0015.png */,
				232D550818B3110600856D48 /* body_0016.png */,
				232D550918B3110600856D48 /* body_0017.png */,
				232D550A18B3110600856D48 /* body_0018.png */,
				232D550B18B3110600856D48 /* body_0019.png */,
				232D550C18B3110600856D48 /* body_0020.png */,
			);
			name = sprites_normal;
			sourceTree = "<group>";
		};
		23DE1F4318AA81650072B8EB = {
			isa = PBXGroup;
			children = (
				23DE1F5718AA81650072B8EB /* MyLittlePITA */,
				23DE1F7B18AA81660072B8EB /* MyLittlePITATests */,
				23DE1F4E18AA81650072B8EB /* Frameworks */,
				23DE1F4D18AA81650072B8EB /* Products */,
			);
			sourceTree = "<group>";
		};
		23DE1F4D18AA81650072B8EB /* Products */ = {
			isa = PBXGroup;
			children = (
				23DE1F4C18AA81650072B8EB /* MyLittlePITA.app */,
				23DE1F7418AA81660072B8EB /* MyLittlePITATests.xctest */,
			);
			name = Products;
			sourceTree = "<group>";
		};
		23DE1F4E18AA81650072B8EB /* Frameworks */ = {
			isa = PBXGroup;
			children = (
				23DE1F4F18AA81650072B8EB /* Foundation.framework */,
				23DE1F5118AA81650072B8EB /* CoreGraphics.framework */,
				23DE1F5318AA81650072B8EB /* UIKit.framework */,
				23DE1F5518AA81650072B8EB /* SpriteKit.framework */,
				23DE1F7518AA81660072B8EB /* XCTest.framework */,
			);
			name = Frameworks;
			sourceTree = "<group>";
		};
		23DE1F5718AA81650072B8EB /* MyLittlePITA */ = {
			isa = PBXGroup;
			children = (
				232D552118B3132800856D48 /* sprites_normal */,
				233715E318B068BD006E375F /* logo_cropped.png */,
				233715DA18B041FC006E375F /* tail.png */,
				233715DB18B041FC006E375F /* legs.png */,
				233715DC18B041FC006E375F /* face.png */,
				233715D818AEDD6B006E375F /* body.png */,
				23DE1F6018AA81650072B8EB /* PTAppDelegate.h */,
				23DE1F6118AA81650072B8EB /* PTAppDelegate.m */,
				233715E018B0687A006E375F /* PTAttractScene.h */,
				233715E118B0687A006E375F /* PTAttractScene.m */,
				23DE1F6318AA81650072B8EB /* Main.storyboard */,
				233715E518B08143006E375F /* PTCritter.h */,
				233715E618B08143006E375F /* PTCritter.m */,
				233715D518AE947B006E375F /* PTCritterNode.h */,
				233715D618AE947B006E375F /* PTCritterNode.m */,
				23DE1F6918AA81650072B8EB /* PTCritterScene.h */,
				23DE1F6A18AA81650072B8EB /* PTCritterScene.m */,
				23DE1F6618AA81650072B8EB /* PTGameViewController.h */,
				23DE1F6718AA81650072B8EB /* PTGameViewController.m */,
				23DE1F6C18AA81650072B8EB /* Spaceship.png */,
				23DE1F6E18AA81650072B8EB /* Images.xcassets */,
				23DE1F5818AA81650072B8EB /* Supporting Files */,
			);
			path = MyLittlePITA;
			sourceTree = "<group>";
		};
		23DE1F5818AA81650072B8EB /* Supporting Files */ = {
			isa = PBXGroup;
			children = (
				23DE1F5918AA81650072B8EB /* MyLittlePITA-Info.plist */,
				23DE1F5A18AA81650072B8EB /* InfoPlist.strings */,
				23DE1F5D18AA81650072B8EB /* main.m */,
				23DE1F5F18AA81650072B8EB /* MyLittlePITA-Prefix.pch */,
			);
			name = "Supporting Files";
			sourceTree = "<group>";
		};
		23DE1F7B18AA81660072B8EB /* MyLittlePITATests */ = {
			isa = PBXGroup;
			children = (
				23DE1F8118AA81660072B8EB /* MyLittlePITATests.m */,
				23DE1F7C18AA81660072B8EB /* Supporting Files */,
			);
			path = MyLittlePITATests;
			sourceTree = "<group>";
		};
		23DE1F7C18AA81660072B8EB /* Supporting Files */ = {
			isa = PBXGroup;
			children = (
				23DE1F7D18AA81660072B8EB /* MyLittlePITATests-Info.plist */,
				23DE1F7E18AA81660072B8EB /* InfoPlist.strings */,
			);
			name = "Supporting Files";
			sourceTree = "<group>";
		};
/* End PBXGroup section */

/* Begin PBXNativeTarget section */
		23DE1F4B18AA81650072B8EB /* MyLittlePITA */ = {
			isa = PBXNativeTarget;
			buildConfigurationList = 23DE1F8518AA81660072B8EB /* Build configuration list for PBXNativeTarget "MyLittlePITA" */;
			buildPhases = (
				23DE1F4818AA81650072B8EB /* Sources */,
				23DE1F4918AA81650072B8EB /* Frameworks */,
				23DE1F4A18AA81650072B8EB /* Resources */,
			);
			buildRules = (
			);
			dependencies = (
			);
			name = MyLittlePITA;
			productName = MyLittlePITA;
			productReference = 23DE1F4C18AA81650072B8EB /* MyLittlePITA.app */;
			productType = "com.apple.product-type.application";
		};
		23DE1F7318AA81660072B8EB /* MyLittlePITATests */ = {
			isa = PBXNativeTarget;
			buildConfigurationList = 23DE1F8818AA81660072B8EB /* Build configuration list for PBXNativeTarget "MyLittlePITATests" */;
			buildPhases = (
				23DE1F7018AA81660072B8EB /* Sources */,
				23DE1F7118AA81660072B8EB /* Frameworks */,
				23DE1F7218AA81660072B8EB /* Resources */,
			);
			buildRules = (
			);
			dependencies = (
				23DE1F7A18AA81660072B8EB /* PBXTargetDependency */,
			);
			name = MyLittlePITATests;
			productName = MyLittlePITATests;
			productReference = 23DE1F7418AA81660072B8EB /* MyLittlePITATests.xctest */;
			productType = "com.apple.product-type.bundle.unit-test";
		};
/* End PBXNativeTarget section */

/* Begin PBXProject section */
		23DE1F4418AA81650072B8EB /* Project object */ = {
			isa = PBXProject;
			attributes = {
				CLASSPREFIX = PT;
				LastUpgradeCheck = 0500;
				ORGANIZATIONNAME = "My Little PITA Group";
				TargetAttributes = {
					23DE1F7318AA81660072B8EB = {
						TestTargetID = 23DE1F4B18AA81650072B8EB;
					};
				};
			};
			buildConfigurationList = 23DE1F4718AA81650072B8EB /* Build configuration list for PBXProject "MyLittlePITA" */;
			compatibilityVersion = "Xcode 3.2";
			developmentRegion = English;
			hasScannedForEncodings = 0;
			knownRegions = (
				en,
				Base,
			);
			mainGroup = 23DE1F4318AA81650072B8EB;
			productRefGroup = 23DE1F4D18AA81650072B8EB /* Products */;
			projectDirPath = "";
			projectRoot = "";
			targets = (
				23DE1F4B18AA81650072B8EB /* MyLittlePITA */,
				23DE1F7318AA81660072B8EB /* MyLittlePITATests */,
			);
		};
/* End PBXProject section */

/* Begin PBXResourcesBuildPhase section */
		23DE1F4A18AA81650072B8EB /* Resources */ = {
			isa = PBXResourcesBuildPhase;
			buildActionMask = 2147483647;
			files = (
				232D555F18B315EA00856D48 /* face_0002.png in Resources */,
				232D557B18B315EA00856D48 /* legs_0010.png in Resources */,
				23DE1F5C18AA81650072B8EB /* InfoPlist.strings in Resources */,
				232D556A18B315EA00856D48 /* face_0013.png in Resources */,
				232D557518B315EA00856D48 /* legs_0004.png in Resources */,
				232D557918B315EA00856D48 /* legs_0008.png in Resources */,
				232D559518B315EA00856D48 /* tail_0016.png in Resources */,
				232D558B18B315EA00856D48 /* tail_0006.png in Resources */,
				232D557118B315EA00856D48 /* face_0020.png in Resources */,
				233715DE18B041FC006E375F /* legs.png in Resources */,
				232D557718B315EA00856D48 /* legs_0006.png in Resources */,
				232D556518B315EA00856D48 /* face_0008.png in Resources */,
				232D559318B315EA00856D48 /* tail_0014.png in Resources */,
				232D559018B315EA00856D48 /* tail_0011.png in Resources */,
				232D551A18B3110700856D48 /* body_0014.png in Resources */,
				232D551B18B3110700856D48 /* body_0015.png in Resources */,
				233715E418B068BD006E375F /* logo_cropped.png in Resources */,
				232D557418B315EA00856D48 /* legs_0003.png in Resources */,
				232D557018B315EA00856D48 /* face_0019.png in Resources */,
				232D551218B3110700856D48 /* body_0006.png in Resources */,
				232D558A18B315EA00856D48 /* tail_0005.png in Resources */,
				232D559718B315EA00856D48 /* tail_0018.png in Resources */,
				232D558018B315EA00856D48 /* legs_0015.png in Resources */,
				232D557E18B315EA00856D48 /* legs_0013.png in Resources */,
				232D558C18B315EA00856D48 /* tail_0007.png in Resources */,
				232D557C18B315EA00856D48 /* legs_0011.png in Resources */,
				232D559218B315EA00856D48 /* tail_0013.png in Resources */,
				232D551318B3110700856D48 /* body_0007.png in Resources */,
				232D551018B3110700856D48 /* body_0004.png in Resources */,
				232D551C18B3110700856D48 /* body_0016.png in Resources */,
				232D556E18B315EA00856D48 /* face_0017.png in Resources */,
				232D551918B3110700856D48 /* body_0013.png in Resources */,
				233715D918AEDD6B006E375F /* body.png in Resources */,
				232D551518B3110700856D48 /* body_0009.png in Resources */,
				232D550F18B3110700856D48 /* body_0003.png in Resources */,
				232D550D18B3110700856D48 /* body_0001.png in Resources */,
				232D556D18B315EA00856D48 /* face_0016.png in Resources */,
				232D557218B315EA00856D48 /* legs_0001.png in Resources */,
				232D559618B315EA00856D48 /* tail_0017.png in Resources */,
				232D551718B3110700856D48 /* body_0011.png in Resources */,
				232D556F18B315EA00856D48 /* face_0018.png in Resources */,
				232D551118B3110700856D48 /* body_0005.png in Resources */,
				232D559418B315EA00856D48 /* tail_0015.png in Resources */,
				232D556018B315EA00856D48 /* face_0003.png in Resources */,
				233715DF18B041FC006E375F /* face.png in Resources */,
				232D558D18B315EA00856D48 /* tail_0008.png in Resources */,
				232D556B18B315EA00856D48 /* face_0014.png in Resources */,
				232D558818B315EA00856D48 /* tail_0003.png in Resources */,
				232D557318B315EA00856D48 /* legs_0002.png in Resources */,
				232D557618B315EA00856D48 /* legs_0005.png in Resources */,
				232D557818B315EA00856D48 /* legs_0007.png in Resources */,
				232D559818B315EA00856D48 /* tail_0019.png in Resources */,
				232D557D18B315EA00856D48 /* legs_0012.png in Resources */,
				232D557A18B315EA00856D48 /* legs_0009.png in Resources */,
				232D558718B315EA00856D48 /* tail_0002.png in Resources */,
				232D556218B315EA00856D48 /* face_0005.png in Resources */,
				232D555E18B315EA00856D48 /* face_0001.png in Resources */,
				232D551E18B3110700856D48 /* body_0018.png in Resources */,
				232D559118B315EA00856D48 /* tail_0012.png in Resources */,
				232D559918B315EA00856D48 /* tail_0020.png in Resources */,
				232D556318B315EA00856D48 /* face_0006.png in Resources */,
				23DE1F6F18AA81650072B8EB /* Images.xcassets in Resources */,
				232D558318B315EA00856D48 /* legs_0018.png in Resources */,
				23DE1F6D18AA81650072B8EB /* Spaceship.png in Resources */,
				232D558E18B315EA00856D48 /* tail_0009.png in Resources */,
				232D556C18B315EA00856D48 /* face_0015.png in Resources */,
				232D558518B315EA00856D48 /* legs_0020.png in Resources */,
				233715DD18B041FC006E375F /* tail.png in Resources */,
				23DE1F6518AA81650072B8EB /* Main.storyboard in Resources */,
				232D552018B3110700856D48 /* body_0020.png in Resources */,
				232D558118B315EA00856D48 /* legs_0016.png in Resources */,
				232D558218B315EA00856D48 /* legs_0017.png in Resources */,
				232D556118B315EA00856D48 /* face_0004.png in Resources */,
				232D556418B315EA00856D48 /* face_0007.png in Resources */,
				232D558F18B315EA00856D48 /* tail_0010.png in Resources */,
				232D558418B315EA00856D48 /* legs_0019.png in Resources */,
				232D551818B3110700856D48 /* body_0012.png in Resources */,
				232D556818B315EA00856D48 /* face_0011.png in Resources */,
				232D556718B315EA00856D48 /* face_0010.png in Resources */,
				232D557F18B315EA00856D48 /* legs_0014.png in Resources */,
				232D551D18B3110700856D48 /* body_0017.png in Resources */,
				232D556918B315EA00856D48 /* face_0012.png in Resources */,
				232D551F18B3110700856D48 /* body_0019.png in Resources */,
				232D550E18B3110700856D48 /* body_0002.png in Resources */,
				232D558618B315EA00856D48 /* tail_0001.png in Resources */,
				232D556618B315EA00856D48 /* face_0009.png in Resources */,
				232D551618B3110700856D48 /* body_0010.png in Resources */,
				232D551418B3110700856D48 /* body_0008.png in Resources */,
				232D558918B315EA00856D48 /* tail_0004.png in Resources */,
			);
			runOnlyForDeploymentPostprocessing = 0;
		};
		23DE1F7218AA81660072B8EB /* Resources */ = {
			isa = PBXResourcesBuildPhase;
			buildActionMask = 2147483647;
			files = (
				23DE1F8018AA81660072B8EB /* InfoPlist.strings in Resources */,
			);
			runOnlyForDeploymentPostprocessing = 0;
		};
/* End PBXResourcesBuildPhase section */

/* Begin PBXSourcesBuildPhase section */
		23DE1F4818AA81650072B8EB /* Sources */ = {
			isa = PBXSourcesBuildPhase;
			buildActionMask = 2147483647;
			files = (
				233715E218B0687A006E375F /* PTAttractScene.m in Sources */,
				23DE1F6218AA81650072B8EB /* PTAppDelegate.m in Sources */,
				233715E718B08143006E375F /* PTCritter.m in Sources */,
				23DE1F6818AA81650072B8EB /* PTGameViewController.m in Sources */,
				23DE1F6B18AA81650072B8EB /* PTCritterScene.m in Sources */,
				23DE1F5E18AA81650072B8EB /* main.m in Sources */,
				233715D718AE947B006E375F /* PTCritterNode.m in Sources */,
			);
			runOnlyForDeploymentPostprocessing = 0;
		};
		23DE1F7018AA81660072B8EB /* Sources */ = {
			isa = PBXSourcesBuildPhase;
			buildActionMask = 2147483647;
			files = (
				23DE1F8218AA81660072B8EB /* MyLittlePITATests.m in Sources */,
			);
			runOnlyForDeploymentPostprocessing = 0;
		};
/* End PBXSourcesBuildPhase section */

/* Begin PBXTargetDependency section */
		23DE1F7A18AA81660072B8EB /* PBXTargetDependency */ = {
			isa = PBXTargetDependency;
			target = 23DE1F4B18AA81650072B8EB /* MyLittlePITA */;
			targetProxy = 23DE1F7918AA81660072B8EB /* PBXContainerItemProxy */;
		};
/* End PBXTargetDependency section */

/* Begin PBXVariantGroup section */
		23DE1F5A18AA81650072B8EB /* InfoPlist.strings */ = {
			isa = PBXVariantGroup;
			children = (
				23DE1F5B18AA81650072B8EB /* en */,
			);
			name = InfoPlist.strings;
			sourceTree = "<group>";
		};
		23DE1F6318AA81650072B8EB /* Main.storyboard */ = {
			isa = PBXVariantGroup;
			children = (
				23DE1F6418AA81650072B8EB /* Base */,
			);
			name = Main.storyboard;
			sourceTree = "<group>";
		};
		23DE1F7E18AA81660072B8EB /* InfoPlist.strings */ = {
			isa = PBXVariantGroup;
			children = (
				23DE1F7F18AA81660072B8EB /* en */,
			);
			name = InfoPlist.strings;
			sourceTree = "<group>";
		};
/* End PBXVariantGroup section */

/* Begin XCBuildConfiguration section */
		23DE1F8318AA81660072B8EB /* Debug */ = {
			isa = XCBuildConfiguration;
			buildSettings = {
				ALWAYS_SEARCH_USER_PATHS = NO;
				ARCHS = "$(ARCHS_STANDARD_INCLUDING_64_BIT)";
				CLANG_CXX_LANGUAGE_STANDARD = "gnu++0x";
				CLANG_CXX_LIBRARY = "libc++";
				CLANG_ENABLE_MODULES = YES;
				CLANG_ENABLE_OBJC_ARC = YES;
				CLANG_WARN_BOOL_CONVERSION = YES;
				CLANG_WARN_CONSTANT_CONVERSION = YES;
				CLANG_WARN_DIRECT_OBJC_ISA_USAGE = YES_ERROR;
				CLANG_WARN_EMPTY_BODY = YES;
				CLANG_WARN_ENUM_CONVERSION = YES;
				CLANG_WARN_INT_CONVERSION = YES;
				CLANG_WARN_OBJC_ROOT_CLASS = YES_ERROR;
				CLANG_WARN__DUPLICATE_METHOD_MATCH = YES;
				"CODE_SIGN_IDENTITY[sdk=iphoneos*]" = "iPhone Developer";
				COPY_PHASE_STRIP = NO;
				GCC_C_LANGUAGE_STANDARD = gnu99;
				GCC_DYNAMIC_NO_PIC = NO;
				GCC_OPTIMIZATION_LEVEL = 0;
				GCC_PREPROCESSOR_DEFINITIONS = (
					"DEBUG=1",
					"$(inherited)",
				);
				GCC_SYMBOLS_PRIVATE_EXTERN = NO;
				GCC_WARN_64_TO_32_BIT_CONVERSION = YES;
				GCC_WARN_ABOUT_RETURN_TYPE = YES_ERROR;
				GCC_WARN_UNDECLARED_SELECTOR = YES;
				GCC_WARN_UNINITIALIZED_AUTOS = YES;
				GCC_WARN_UNUSED_FUNCTION = YES;
				GCC_WARN_UNUSED_VARIABLE = YES;
				IPHONEOS_DEPLOYMENT_TARGET = 7.0;
				ONLY_ACTIVE_ARCH = YES;
				SDKROOT = iphoneos;
			};
			name = Debug;
		};
		23DE1F8418AA81660072B8EB /* Release */ = {
			isa = XCBuildConfiguration;
			buildSettings = {
				ALWAYS_SEARCH_USER_PATHS = NO;
				ARCHS = "$(ARCHS_STANDARD_INCLUDING_64_BIT)";
				CLANG_CXX_LANGUAGE_STANDARD = "gnu++0x";
				CLANG_CXX_LIBRARY = "libc++";
				CLANG_ENABLE_MODULES = YES;
				CLANG_ENABLE_OBJC_ARC = YES;
				CLANG_WARN_BOOL_CONVERSION = YES;
				CLANG_WARN_CONSTANT_CONVERSION = YES;
				CLANG_WARN_DIRECT_OBJC_ISA_USAGE = YES_ERROR;
				CLANG_WARN_EMPTY_BODY = YES;
				CLANG_WARN_ENUM_CONVERSION = YES;
				CLANG_WARN_INT_CONVERSION = YES;
				CLANG_WARN_OBJC_ROOT_CLASS = YES_ERROR;
				CLANG_WARN__DUPLICATE_METHOD_MATCH = YES;
				"CODE_SIGN_IDENTITY[sdk=iphoneos*]" = "iPhone Developer";
				COPY_PHASE_STRIP = YES;
				ENABLE_NS_ASSERTIONS = NO;
				GCC_C_LANGUAGE_STANDARD = gnu99;
				GCC_WARN_64_TO_32_BIT_CONVERSION = YES;
				GCC_WARN_ABOUT_RETURN_TYPE = YES_ERROR;
				GCC_WARN_UNDECLARED_SELECTOR = YES;
				GCC_WARN_UNINITIALIZED_AUTOS = YES;
				GCC_WARN_UNUSED_FUNCTION = YES;
				GCC_WARN_UNUSED_VARIABLE = YES;
				IPHONEOS_DEPLOYMENT_TARGET = 7.0;
				SDKROOT = iphoneos;
				VALIDATE_PRODUCT = YES;
			};
			name = Release;
		};
		23DE1F8618AA81660072B8EB /* Debug */ = {
			isa = XCBuildConfiguration;
			buildSettings = {
				ASSETCATALOG_COMPILER_APPICON_NAME = AppIcon;
				ASSETCATALOG_COMPILER_LAUNCHIMAGE_NAME = LaunchImage;
				GCC_PRECOMPILE_PREFIX_HEADER = YES;
				GCC_PREFIX_HEADER = "MyLittlePITA/MyLittlePITA-Prefix.pch";
				INFOPLIST_FILE = "MyLittlePITA/MyLittlePITA-Info.plist";
				PRODUCT_NAME = "$(TARGET_NAME)";
				SPRITEKIT_TEXTURE_ATLAS_OUTPUT = YES;
				WRAPPER_EXTENSION = app;
			};
			name = Debug;
		};
		23DE1F8718AA81660072B8EB /* Release */ = {
			isa = XCBuildConfiguration;
			buildSettings = {
				ASSETCATALOG_COMPILER_APPICON_NAME = AppIcon;
				ASSETCATALOG_COMPILER_LAUNCHIMAGE_NAME = LaunchImage;
				GCC_PRECOMPILE_PREFIX_HEADER = YES;
				GCC_PREFIX_HEADER = "MyLittlePITA/MyLittlePITA-Prefix.pch";
				INFOPLIST_FILE = "MyLittlePITA/MyLittlePITA-Info.plist";
				PRODUCT_NAME = "$(TARGET_NAME)";
				SPRITEKIT_TEXTURE_ATLAS_OUTPUT = YES;
				WRAPPER_EXTENSION = app;
			};
			name = Release;
		};
		23DE1F8918AA81660072B8EB /* Debug */ = {
			isa = XCBuildConfiguration;
			buildSettings = {
				ARCHS = "$(ARCHS_STANDARD_INCLUDING_64_BIT)";
				BUNDLE_LOADER = "$(BUILT_PRODUCTS_DIR)/MyLittlePITA.app/MyLittlePITA";
				FRAMEWORK_SEARCH_PATHS = (
					"$(SDKROOT)/Developer/Library/Frameworks",
					"$(inherited)",
					"$(DEVELOPER_FRAMEWORKS_DIR)",
				);
				GCC_PRECOMPILE_PREFIX_HEADER = YES;
				GCC_PREFIX_HEADER = "MyLittlePITA/MyLittlePITA-Prefix.pch";
				GCC_PREPROCESSOR_DEFINITIONS = (
					"DEBUG=1",
					"$(inherited)",
				);
				INFOPLIST_FILE = "MyLittlePITATests/MyLittlePITATests-Info.plist";
				PRODUCT_NAME = "$(TARGET_NAME)";
				TEST_HOST = "$(BUNDLE_LOADER)";
				WRAPPER_EXTENSION = xctest;
			};
			name = Debug;
		};
		23DE1F8A18AA81660072B8EB /* Release */ = {
			isa = XCBuildConfiguration;
			buildSettings = {
				ARCHS = "$(ARCHS_STANDARD_INCLUDING_64_BIT)";
				BUNDLE_LOADER = "$(BUILT_PRODUCTS_DIR)/MyLittlePITA.app/MyLittlePITA";
				FRAMEWORK_SEARCH_PATHS = (
					"$(SDKROOT)/Developer/Library/Frameworks",
					"$(inherited)",
					"$(DEVELOPER_FRAMEWORKS_DIR)",
				);
				GCC_PRECOMPILE_PREFIX_HEADER = YES;
				GCC_PREFIX_HEADER = "MyLittlePITA/MyLittlePITA-Prefix.pch";
				INFOPLIST_FILE = "MyLittlePITATests/MyLittlePITATests-Info.plist";
				PRODUCT_NAME = "$(TARGET_NAME)";
				TEST_HOST = "$(BUNDLE_LOADER)";
				WRAPPER_EXTENSION = xctest;
			};
			name = Release;
		};
/* End XCBuildConfiguration section */

/* Begin XCConfigurationList section */
		23DE1F4718AA81650072B8EB /* Build configuration list for PBXProject "MyLittlePITA" */ = {
			isa = XCConfigurationList;
			buildConfigurations = (
				23DE1F8318AA81660072B8EB /* Debug */,
				23DE1F8418AA81660072B8EB /* Release */,
			);
			defaultConfigurationIsVisible = 0;
			defaultConfigurationName = Release;
		};
		23DE1F8518AA81660072B8EB /* Build configuration list for PBXNativeTarget "MyLittlePITA" */ = {
			isa = XCConfigurationList;
			buildConfigurations = (
				23DE1F8618AA81660072B8EB /* Debug */,
				23DE1F8718AA81660072B8EB /* Release */,
			);
			defaultConfigurationIsVisible = 0;
			defaultConfigurationName = Release;
		};
		23DE1F8818AA81660072B8EB /* Build configuration list for PBXNativeTarget "MyLittlePITATests" */ = {
			isa = XCConfigurationList;
			buildConfigurations = (
				23DE1F8918AA81660072B8EB /* Debug */,
				23DE1F8A18AA81660072B8EB /* Release */,
			);
			defaultConfigurationIsVisible = 0;
			defaultConfigurationName = Release;
		};
/* End XCConfigurationList section */
	};
	rootObject = 23DE1F4418AA81650072B8EB /* Project object */;
}
